// !$*UTF8*$!
{
	archiveVersion = 1;
	classes = {
	};
	objectVersion = 77;
	objects = {

/* Begin PBXBuildFile section */
		0AAA60B812543C237DE3D9DB /* BuildUpApp.swift in Sources */ = {isa = PBXBuildFile; fileRef = 9B984AA69DFB692A7D3CEEE5 /* BuildUpApp.swift */; };
		0EF151B04CC1ADCC47CB62E1 /* BuildUpAuth in Frameworks */ = {isa = PBXBuildFile; productRef = 86991A733DE9FD2C0EBBF686 /* BuildUpAuth */; };
		3723159238C5896FF9F1018F /* BuildUpComponents in Frameworks */ = {isa = PBXBuildFile; productRef = BF6404F4B299634EBAA9EBBB /* BuildUpComponents */; };
		549E8805C73D9A6F3BD05963 /* BuildUpNotifications in Frameworks */ = {isa = PBXBuildFile; productRef = CF6339A657FFC300A8296631 /* BuildUpNotifications */; };
		58EAE79BC30E7D9EE5ADBFD0 /* BuildUpDesignSystem in Frameworks */ = {isa = PBXBuildFile; productRef = A7CC6E20E0B58CCBF2D7D588 /* BuildUpDesignSystem */; };
		5C328739D20241E099DCF7C6 /* BuildUpCore in Frameworks */ = {isa = PBXBuildFile; productRef = A1BB8E46EC69307B51D7C980 /* BuildUpCore */; };
		946A7EB6B974E4C88D8CF346 /* BuildUpFeatures in Frameworks */ = {isa = PBXBuildFile; productRef = 9080DE6EAB3255978CC97442 /* BuildUpFeatures */; };
		E3D38685CD6ACD3B21A0D3F9 /* BuildUpData in Frameworks */ = {isa = PBXBuildFile; productRef = 3312E053A549D1D9BD5DD46E /* BuildUpData */; };
/* End PBXBuildFile section */

/* Begin PBXFileReference section */
		62A685D13361F51CDCE53DC6 /* BuildUp.app */ = {isa = PBXFileReference; includeInIndex = 0; lastKnownFileType = wrapper.application; path = BuildUp.app; sourceTree = BUILT_PRODUCTS_DIR; };
		9B984AA69DFB692A7D3CEEE5 /* BuildUpApp.swift */ = {isa = PBXFileReference; lastKnownFileType = sourcecode.swift; path = BuildUpApp.swift; sourceTree = "<group>"; };
		D5DCC14F83184DA8DAF40E78 /* ios */ = {isa = PBXFileReference; lastKnownFileType = folder; name = ios; path = .; sourceTree = SOURCE_ROOT; };
		F362350BE6F710BB8699E7E9 /* Build.xcconfig */ = {isa = PBXFileReference; lastKnownFileType = text.xcconfig; path = Build.xcconfig; sourceTree = "<group>"; };
/* End PBXFileReference section */

/* Begin PBXFrameworksBuildPhase section */
		EA25C48075279BE370A0E3BF /* Frameworks */ = {
			isa = PBXFrameworksBuildPhase;
			buildActionMask = 2147483647;
			files = (
				58EAE79BC30E7D9EE5ADBFD0 /* BuildUpDesignSystem in Frameworks */,
				5C328739D20241E099DCF7C6 /* BuildUpCore in Frameworks */,
				3723159238C5896FF9F1018F /* BuildUpComponents in Frameworks */,
				E3D38685CD6ACD3B21A0D3F9 /* BuildUpData in Frameworks */,
				0EF151B04CC1ADCC47CB62E1 /* BuildUpAuth in Frameworks */,
				549E8805C73D9A6F3BD05963 /* BuildUpNotifications in Frameworks */,
				946A7EB6B974E4C88D8CF346 /* BuildUpFeatures in Frameworks */,
			);
			runOnlyForDeploymentPostprocessing = 0;
		};
/* End PBXFrameworksBuildPhase section */

/* Begin PBXGroup section */
		16588B1D28E844FDD2677836 /* App */ = {
			isa = PBXGroup;
			children = (
				9ACC904E8BA0841F9F52538E /* BuildUp */,
			);
			path = App;
			sourceTree = "<group>";
		};
		3DED7ADF56A6A50995F3FB05 /* Config */ = {
			isa = PBXGroup;
			children = (
				F362350BE6F710BB8699E7E9 /* Build.xcconfig */,
			);
			path = Config;
			sourceTree = "<group>";
		};
		677C0880A404A507BA653110 = {
			isa = PBXGroup;
			children = (
				16588B1D28E844FDD2677836 /* App */,
				3DED7ADF56A6A50995F3FB05 /* Config */,
				A94992C3E062DED509F324E7 /* Packages */,
				F2778BABBE55A91B5698D34B /* Products */,
			);
			sourceTree = "<group>";
		};
		9ACC904E8BA0841F9F52538E /* BuildUp */ = {
			isa = PBXGroup;
			children = (
				9B984AA69DFB692A7D3CEEE5 /* BuildUpApp.swift */,
			);
			path = BuildUp;
			sourceTree = "<group>";
		};
		A94992C3E062DED509F324E7 /* Packages */ = {
			isa = PBXGroup;
			children = (
				D5DCC14F83184DA8DAF40E78 /* ios */,
			);
			name = Packages;
			sourceTree = "<group>";
		};
		F2778BABBE55A91B5698D34B /* Products */ = {
			isa = PBXGroup;
			children = (
				62A685D13361F51CDCE53DC6 /* BuildUp.app */,
			);
			name = Products;
			sourceTree = "<group>";
		};
/* End PBXGroup section */

/* Begin PBXNativeTarget section */
		F263EA9C58E1E90A76736153 /* BuildUp */ = {
			isa = PBXNativeTarget;
			buildConfigurationList = 18D9AD5DAAA3488EFDFDC18F /* Build configuration list for PBXNativeTarget "BuildUp" */;
			buildPhases = (
				FF83FE3ECD01F66DA17B13D6 /* Sources */,
				EA25C48075279BE370A0E3BF /* Frameworks */,
			);
			buildRules = (
			);
			dependencies = (
			);
			name = BuildUp;
			packageProductDependencies = (
				A7CC6E20E0B58CCBF2D7D588 /* BuildUpDesignSystem */,
				A1BB8E46EC69307B51D7C980 /* BuildUpCore */,
				BF6404F4B299634EBAA9EBBB /* BuildUpComponents */,
				3312E053A549D1D9BD5DD46E /* BuildUpData */,
				86991A733DE9FD2C0EBBF686 /* BuildUpAuth */,
				CF6339A657FFC300A8296631 /* BuildUpNotifications */,
				9080DE6EAB3255978CC97442 /* BuildUpFeatures */,
			);
			productName = BuildUp;
			productReference = 62A685D13361F51CDCE53DC6 /* BuildUp.app */;
			productType = "com.apple.product-type.application";
		};
/* End PBXNativeTarget section */

/* Begin PBXProject section */
		947C4BEDF4A48971D81D74F3 /* Project object */ = {
			isa = PBXProject;
			attributes = {
				BuildIndependentTargetsInParallel = YES;
				LastUpgradeCheck = 1430;
				TargetAttributes = {
					F263EA9C58E1E90A76736153 = {
						DevelopmentTeam = "";
						ProvisioningStyle = Automatic;
					};
				};
			};
			buildConfigurationList = 8E733966D5C763D8BFD226EB /* Build configuration list for PBXProject "BuildUp" */;
			developmentRegion = ko;
			hasScannedForEncodings = 0;
			knownRegions = (
				Base,
				ko,
			);
			mainGroup = 677C0880A404A507BA653110;
			minimizedProjectReferenceProxies = 1;
			packageReferences = (
				1886FA19B6B73A5B41718F90 /* XCLocalSwiftPackageReference "." */,
			);
			preferredProjectObjectVersion = 77;
			productRefGroup = F2778BABBE55A91B5698D34B /* Products */;
			projectDirPath = "";
			projectRoot = "";
			targets = (
				F263EA9C58E1E90A76736153 /* BuildUp */,
			);
		};
/* End PBXProject section */

/* Begin PBXSourcesBuildPhase section */
		FF83FE3ECD01F66DA17B13D6 /* Sources */ = {
			isa = PBXSourcesBuildPhase;
			buildActionMask = 2147483647;
			files = (
				0AAA60B812543C237DE3D9DB /* BuildUpApp.swift in Sources */,
			);
			runOnlyForDeploymentPostprocessing = 0;
		};
/* End PBXSourcesBuildPhase section */

/* Begin XCBuildConfiguration section */
		87B0236D1F530ECFFB2B8DAA /* Release */ = {
			isa = XCBuildConfiguration;
			baseConfigurationReference = F362350BE6F710BB8699E7E9 /* Build.xcconfig */;
			buildSettings = {
				ASSETCATALOG_COMPILER_APPICON_NAME = AppIcon;
				CODE_SIGN_IDENTITY = "-";
				CODE_SIGN_STYLE = Automatic;
				ENABLE_PREVIEWS = YES;
				GENERATE_INFOPLIST_FILE = NO;
				INFOPLIST_FILE = App/BuildUp/Info.plist;
				LD_RUNPATH_SEARCH_PATHS = (
					"$(inherited)",
					"@executable_path/Frameworks",
				);
				PRODUCT_BUNDLE_IDENTIFIER = com.buildup.mobile;
				SDKROOT = iphoneos;
				TARGETED_DEVICE_FAMILY = 1;
			};
			name = Release;
		};
		87ECB0C053B7887ABABE0699 /* Debug */ = {
			isa = XCBuildConfiguration;
			buildSettings = {
				ALWAYS_SEARCH_USER_PATHS = NO;
				CLANG_ANALYZER_NONNULL = YES;
				CLANG_ANALYZER_NUMBER_OBJECT_CONVERSION = YES_AGGRESSIVE;
				CLANG_CXX_LANGUAGE_STANDARD = "gnu++14";
				CLANG_CXX_LIBRARY = "libc++";
				CLANG_ENABLE_MODULES = YES;
				CLANG_ENABLE_OBJC_ARC = YES;
				CLANG_ENABLE_OBJC_WEAK = YES;
				CLANG_WARN_BLOCK_CAPTURE_AUTORELEASING = YES;
				CLANG_WARN_BOOL_CONVERSION = YES;
				CLANG_WARN_COMMA = YES;
				CLANG_WARN_CONSTANT_CONVERSION = YES;
				CLANG_WARN_DEPRECATED_OBJC_IMPLEMENTATIONS = YES;
				CLANG_WARN_DIRECT_OBJC_ISA_USAGE = YES_ERROR;
				CLANG_WARN_DOCUMENTATION_COMMENTS = YES;
				CLANG_WARN_EMPTY_BODY = YES;
				CLANG_WARN_ENUM_CONVERSION = YES;
				CLANG_WARN_INFINITE_RECURSION = YES;
				CLANG_WARN_INT_CONVERSION = YES;
				CLANG_WARN_NON_LITERAL_NULL_CONVERSION = YES;
				CLANG_WARN_OBJC_IMPLICIT_RETAIN_SELF = YES;
				CLANG_WARN_OBJC_LITERAL_CONVERSION = YES;
				CLANG_WARN_OBJC_ROOT_CLASS = YES_ERROR;
				CLANG_WARN_QUOTED_INCLUDE_IN_FRAMEWORK_HEADER = YES;
				CLANG_WARN_RANGE_LOOP_ANALYSIS = YES;
				CLANG_WARN_STRICT_PROTOTYPES = YES;
				CLANG_WARN_SUSPICIOUS_MOVE = YES;
				CLANG_WARN_UNGUARDED_AVAILABILITY = YES_AGGRESSIVE;
				CLANG_WARN_UNREACHABLE_CODE = YES;
				CLANG_WARN__DUPLICATE_METHOD_MATCH = YES;
				COPY_PHASE_STRIP = NO;
				DEBUG_INFORMATION_FORMAT = dwarf;
				ENABLE_STRICT_OBJC_MSGSEND = YES;
				ENABLE_TESTABILITY = YES;
				ENABLE_USER_SCRIPT_SANDBOXING = NO;
				GCC_C_LANGUAGE_STANDARD = gnu11;
				GCC_DYNAMIC_NO_PIC = NO;
				GCC_NO_COMMON_BLOCKS = YES;
				GCC_OPTIMIZATION_LEVEL = 0;
				GCC_PREPROCESSOR_DEFINITIONS = (
					"$(inherited)",
					"DEBUG=1",
				);
				GCC_WARN_64_TO_32_BIT_CONVERSION = YES;
				GCC_WARN_ABOUT_RETURN_TYPE = YES_ERROR;
				GCC_WARN_UNDECLARED_SELECTOR = YES;
				GCC_WARN_UNINITIALIZED_AUTOS = YES_AGGRESSIVE;
				GCC_WARN_UNUSED_FUNCTION = YES;
				GCC_WARN_UNUSED_VARIABLE = YES;
				IPHONEOS_DEPLOYMENT_TARGET = 18.0;
				MTL_ENABLE_DEBUG_INFO = INCLUDE_SOURCE;
				MTL_FAST_MATH = YES;
				ONLY_ACTIVE_ARCH = YES;
				PRODUCT_NAME = "$(TARGET_NAME)";
				SDKROOT = iphoneos;
				SWIFT_ACTIVE_COMPILATION_CONDITIONS = DEBUG;
				SWIFT_OPTIMIZATION_LEVEL = "-Onone";
				SWIFT_VERSION = 6.0;
			};
			name = Debug;
		};
		DEB4647E61A49F97E4BCEDE1 /* Release */ = {
			isa = XCBuildConfiguration;
			buildSettings = {
				ALWAYS_SEARCH_USER_PATHS = NO;
				CLANG_ANALYZER_NONNULL = YES;
				CLANG_ANALYZER_NUMBER_OBJECT_CONVERSION = YES_AGGRESSIVE;
				CLANG_CXX_LANGUAGE_STANDARD = "gnu++14";
				CLANG_CXX_LIBRARY = "libc++";
				CLANG_ENABLE_MODULES = YES;
				CLANG_ENABLE_OBJC_ARC = YES;
				CLANG_ENABLE_OBJC_WEAK = YES;
				CLANG_WARN_BLOCK_CAPTURE_AUTORELEASING = YES;
				CLANG_WARN_BOOL_CONVERSION = YES;
				CLANG_WARN_COMMA = YES;
				CLANG_WARN_CONSTANT_CONVERSION = YES;
				CLANG_WARN_DEPRECATED_OBJC_IMPLEMENTATIONS = YES;
				CLANG_WARN_DIRECT_OBJC_ISA_USAGE = YES_ERROR;
				CLANG_WARN_DOCUMENTATION_COMMENTS = YES;
				CLANG_WARN_EMPTY_BODY = YES;
				CLANG_WARN_ENUM_CONVERSION = YES;
				CLANG_WARN_INFINITE_RECURSION = YES;
				CLANG_WARN_INT_CONVERSION = YES;
				CLANG_WARN_NON_LITERAL_NULL_CONVERSION = YES;
				CLANG_WARN_OBJC_IMPLICIT_RETAIN_SELF = YES;
				CLANG_WARN_OBJC_LITERAL_CONVERSION = YES;
				CLANG_WARN_OBJC_ROOT_CLASS = YES_ERROR;
				CLANG_WARN_QUOTED_INCLUDE_IN_FRAMEWORK_HEADER = YES;
				CLANG_WARN_RANGE_LOOP_ANALYSIS = YES;
				CLANG_WARN_STRICT_PROTOTYPES = YES;
				CLANG_WARN_SUSPICIOUS_MOVE = YES;
				CLANG_WARN_UNGUARDED_AVAILABILITY = YES_AGGRESSIVE;
				CLANG_WARN_UNREACHABLE_CODE = YES;
				CLANG_WARN__DUPLICATE_METHOD_MATCH = YES;
				COPY_PHASE_STRIP = NO;
				DEBUG_INFORMATION_FORMAT = "dwarf-with-dsym";
				ENABLE_NS_ASSERTIONS = NO;
				ENABLE_STRICT_OBJC_MSGSEND = YES;
				ENABLE_USER_SCRIPT_SANDBOXING = NO;
				GCC_C_LANGUAGE_STANDARD = gnu11;
				GCC_NO_COMMON_BLOCKS = YES;
				GCC_WARN_64_TO_32_BIT_CONVERSION = YES;
				GCC_WARN_ABOUT_RETURN_TYPE = YES_ERROR;
				GCC_WARN_UNDECLARED_SELECTOR = YES;
				GCC_WARN_UNINITIALIZED_AUTOS = YES_AGGRESSIVE;
				GCC_WARN_UNUSED_FUNCTION = YES;
				GCC_WARN_UNUSED_VARIABLE = YES;
				IPHONEOS_DEPLOYMENT_TARGET = 18.0;
				MTL_ENABLE_DEBUG_INFO = NO;
				MTL_FAST_MATH = YES;
				PRODUCT_NAME = "$(TARGET_NAME)";
				SDKROOT = iphoneos;
				SWIFT_COMPILATION_MODE = wholemodule;
				SWIFT_OPTIMIZATION_LEVEL = "-O";
				SWIFT_VERSION = 6.0;
			};
			name = Release;
		};
		DFE048C048FE0FD51DF62DB9 /* Debug */ = {
			isa = XCBuildConfiguration;
			baseConfigurationReference = F362350BE6F710BB8699E7E9 /* Build.xcconfig */;
			buildSettings = {
				ASSETCATALOG_COMPILER_APPICON_NAME = AppIcon;
				CODE_SIGN_IDENTITY = "-";
				CODE_SIGN_STYLE = Automatic;
				ENABLE_PREVIEWS = YES;
				GENERATE_INFOPLIST_FILE = NO;
				INFOPLIST_FILE = App/BuildUp/Info.plist;
				LD_RUNPATH_SEARCH_PATHS = (
					"$(inherited)",
					"@executable_path/Frameworks",
				);
				PRODUCT_BUNDLE_IDENTIFIER = com.buildup.mobile;
				SDKROOT = iphoneos;
				TARGETED_DEVICE_FAMILY = 1;
			};
			name = Debug;
		};
/* End XCBuildConfiguration section */

/* Begin XCConfigurationList section */
		18D9AD5DAAA3488EFDFDC18F /* Build configuration list for PBXNativeTarget "BuildUp" */ = {
			isa = XCConfigurationList;
			buildConfigurations = (
				DFE048C048FE0FD51DF62DB9 /* Debug */,
				87B0236D1F530ECFFB2B8DAA /* Release */,
			);
			defaultConfigurationIsVisible = 0;
			defaultConfigurationName = Debug;
		};
		8E733966D5C763D8BFD226EB /* Build configuration list for PBXProject "BuildUp" */ = {
			isa = XCConfigurationList;
			buildConfigurations = (
				87ECB0C053B7887ABABE0699 /* Debug */,
				DEB4647E61A49F97E4BCEDE1 /* Release */,
			);
			defaultConfigurationIsVisible = 0;
			defaultConfigurationName = Debug;
		};
/* End XCConfigurationList section */

/* Begin XCLocalSwiftPackageReference section */
		1886FA19B6B73A5B41718F90 /* XCLocalSwiftPackageReference "." */ = {
			isa = XCLocalSwiftPackageReference;
			relativePath = .;
		};
/* End XCLocalSwiftPackageReference section */

/* Begin XCSwiftPackageProductDependency section */
		3312E053A549D1D9BD5DD46E /* BuildUpData */ = {
			isa = XCSwiftPackageProductDependency;
			productName = BuildUpData;
		};
		86991A733DE9FD2C0EBBF686 /* BuildUpAuth */ = {
			isa = XCSwiftPackageProductDependency;
			productName = BuildUpAuth;
		};
		9080DE6EAB3255978CC97442 /* BuildUpFeatures */ = {
			isa = XCSwiftPackageProductDependency;
			productName = BuildUpFeatures;
		};
		A1BB8E46EC69307B51D7C980 /* BuildUpCore */ = {
			isa = XCSwiftPackageProductDependency;
			productName = BuildUpCore;
		};
		A7CC6E20E0B58CCBF2D7D588 /* BuildUpDesignSystem */ = {
			isa = XCSwiftPackageProductDependency;
			productName = BuildUpDesignSystem;
		};
		BF6404F4B299634EBAA9EBBB /* BuildUpComponents */ = {
			isa = XCSwiftPackageProductDependency;
			productName = BuildUpComponents;
		};
		CF6339A657FFC300A8296631 /* BuildUpNotifications */ = {
			isa = XCSwiftPackageProductDependency;
			productName = BuildUpNotifications;
		};
/* End XCSwiftPackageProductDependency section */
	};
	rootObject = 947C4BEDF4A48971D81D74F3 /* Project object */;
}
